{
  "name": "@whatserver2/ct-watch",
  "version": "0.1.0",
  "lockfileVersion": 3,
  "requires": true,
  "packages": {
    "": {
      "name": "@whatserver2/ct-watch",
      "version": "0.1.0",
      "license": "Apache-2.0",
      "bin": {
        "ct-watch": "ct-watch.mjs"
      },
      "engines": {
        "node": ">=22"
      }
    }
  }
}
