# This file is automatically @generated by Cargo.
# It is not intended for manual editing.
version = 4

[[package]]
name = "libc"
version = "0.2.189"
source = "registry+https://github.com/rust-lang/crates.io-index"
checksum = "3eaf3ede3fee6db1a4c2ee091bf8a8b4dccdc6d17f656fb07896ee72867612f2"

[[package]]
name = "media-jail"
version = "0.0.0"
dependencies = [
 "libc",
 "seccompiler",
]

[[package]]
name = "seccompiler"
version = "0.5.0"
source = "registry+https://github.com/rust-lang/crates.io-index"
checksum = "a4ae55de56877481d112a559bbc12667635fdaf5e005712fd4e2b2fa50ffc884"
dependencies = [
 "libc",
]
