{
  "name": "@whatserver2/cli",
  "version": "0.1.0",
  "lockfileVersion": 3,
  "requires": true,
  "packages": {
    "": {
      "name": "@whatserver2/cli",
      "version": "0.1.0",
      "license": "Apache-2.0",
      "dependencies": {
        "@whatserver2/client": "file:../client"
      },
      "bin": {
        "wsctl": "cli.mjs"
      },
      "engines": {
        "node": ">=22"
      }
    },
    "../client": {
      "name": "@whatserver2/client",
      "version": "0.1.0",
      "license": "Apache-2.0",
      "dependencies": {
        "@noble/hashes": "^2.3.0"
      },
      "devDependencies": {
        "@types/node": "^26.3.0",
        "@types/ws": "^8.18.1",
        "typescript": "^5.7.3",
        "vitest": "^3.0.5",
        "ws": "^8.21.3"
      }
    },
    "node_modules/@whatserver2/client": {
      "resolved": "../client",
      "link": true
    }
  }
}
